
Microsoft Visual Studio Solution File, Format Version 12.00
# Visual Studio Version 17
VisualStudioVersion = 17.14.37203.1 d17.14
MinimumVisualStudioVersion = 10.0.40219.1
Project("{FAE04EC0-301F-11D3-BF4B-00C04F79EFBC}") = "NCB_INV", "NCB_INV\NCB_INV.csproj", "{CCA63966-7A26-4629-B102-6B0694037130}"
EndProject
Global
	GlobalSection(SolutionConfigurationPlatforms) = preSolution
		Debug|Any CPU = Debug|Any CPU
		Release|Any CPU = Release|Any CPU
	EndGlobalSection
	GlobalSection(ProjectConfigurationPlatforms) = postSolution
		{CCA63966-7A26-4629-B102-6B0694037130}.Debug|Any CPU.ActiveCfg = Debug|Any CPU
		{CCA63966-7A26-4629-B102-6B0694037130}.Debug|Any CPU.Build.0 = Debug|Any CPU
		{CCA63966-7A26-4629-B102-6B0694037130}.Release|Any CPU.ActiveCfg = Release|Any CPU
		{CCA63966-7A26-4629-B102-6B0694037130}.Release|Any CPU.Build.0 = Release|Any CPU
	EndGlobalSection
	GlobalSection(SolutionProperties) = preSolution
		HideSolutionNode = FALSE
	EndGlobalSection
	GlobalSection(ExtensibilityGlobals) = postSolution
		SolutionGuid = {DEFFC9A0-B8D0-431D-A5D2-CDE62870FF8C}
	EndGlobalSection
EndGlobal
